
Microsoft Visual Studio Solution File, Format Version 12.00
# Visual Studio Version 17
VisualStudioVersion = 17.6.33815.320
MinimumVisualStudioVersion = 10.0.40219.1
Project("{9A19103F-16F7-4668-BE54-9A1E7A4F7556}") = "Drizzle.Common", "Drizzle.Common\Drizzle.Common.csproj", "{1CC71C1D-6019-41FA-8226-B11D7C8D38E0}"
EndProject
Project("{FAE04EC0-301F-11D3-BF4B-00C04F79EFBC}") = "Drizzle.UI.UWP", "Drizzle.UI.UWP\Drizzle.UI.UWP.csproj", "{E585FFF2-9A5D-4461-A94B-34FB4F829B15}"
EndProject
Project("{9A19103F-16F7-4668-BE54-9A1E7A4F7556}") = "Drizzle.Models", "Drizzle.Models\Drizzle.Models.csproj", "{2F87F3A9-AC2E-4942-A6ED-EAABAB8C17DF}"
EndProject
Project("{D954291E-2A0B-460D-934E-DC6B0785DB48}") = "Drizzle.UI.Shared", "Drizzle.UI.Shared\Drizzle.UI.Shared.shproj", "{DA7435FF-7175-4A57-A7E4-02ABC79A6189}"
EndProject
Project("{9A19103F-16F7-4668-BE54-9A1E7A4F7556}") = "Drizzle.ImageProcessing", "Drizzle.ImageProcessing\Drizzle.ImageProcessing.csproj", "{3C878D0B-851C-406E-98CD-BA919DC6D844}"
EndProject
Project("{9A19103F-16F7-4668-BE54-9A1E7A4F7556}") = "Drizzle.ML", "Drizzle.ML\Drizzle.ML.csproj", "{35150613-17C2-4DF1-AEEC-1D34A92AF72D}"
EndProject
Project("{FAE04EC0-301F-11D3-BF4B-00C04F79EFBC}") = "Drizzle.Weather", "Drizzle.Weather\Drizzle.Weather.csproj", "{229B68B2-8E13-47B8-A6F9-2298F7F22957}"
EndProject
Global
	GlobalSection(SolutionConfigurationPlatforms) = preSolution
		Debug|Any CPU = Debug|Any CPU
		Debug|ARM = Debug|ARM
		Debug|ARM64 = Debug|ARM64
		Debug|x64 = Debug|x64
		Debug|x86 = Debug|x86
		Release|Any CPU = Release|Any CPU
		Release|ARM = Release|ARM
		Release|ARM64 = Release|ARM64
		Release|x64 = Release|x64
		Release|x86 = Release|x86
	EndGlobalSection
	GlobalSection(ProjectConfigurationPlatforms) = postSolution
		{1CC71C1D-6019-41FA-8226-B11D7C8D38E0}.Debug|Any CPU.ActiveCfg = Debug|Any CPU
		{1CC71C1D-6019-41FA-8226-B11D7C8D38E0}.Debug|Any CPU.Build.0 = Debug|Any CPU
		{1CC71C1D-6019-41FA-8226-B11D7C8D38E0}.Debug|ARM.ActiveCfg = Debug|Any CPU
		{1CC71C1D-6019-41FA-8226-B11D7C8D38E0}.Debug|ARM.Build.0 = Debug|Any CPU
		{1CC71C1D-6019-41FA-8226-B11D7C8D38E0}.Debug|ARM64.ActiveCfg = Debug|Any CPU
		{1CC71C1D-6019-41FA-8226-B11D7C8D38E0}.Debug|ARM64.Build.0 = Debug|Any CPU
		{1CC71C1D-6019-41FA-8226-B11D7C8D38E0}.Debug|x64.ActiveCfg = Debug|Any CPU
		{1CC71C1D-6019-41FA-8226-B11D7C8D38E0}.Debug|x64.Build.0 = Debug|Any CPU
		{1CC71C1D-6019-41FA-8226-B11D7C8D38E0}.Debug|x86.ActiveCfg = Debug|Any CPU
		{1CC71C1D-6019-41FA-8226-B11D7C8D38E0}.Debug|x86.Build.0 = Debug|Any CPU
		{1CC71C1D-6019-41FA-8226-B11D7C8D38E0}.Release|Any CPU.ActiveCfg = Release|Any CPU
		{1CC71C1D-6019-41FA-8226-B11D7C8D38E0}.Release|Any CPU.Build.0 = Release|Any CPU
		{1CC71C1D-6019-41FA-8226-B11D7C8D38E0}.Release|ARM.ActiveCfg = Release|Any CPU
		{1CC71C1D-6019-41FA-8226-B11D7C8D38E0}.Release|ARM.Build.0 = Release|Any CPU
		{1CC71C1D-6019-41FA-8226-B11D7C8D38E0}.Release|ARM64.ActiveCfg = Release|Any CPU
		{1CC71C1D-6019-41FA-8226-B11D7C8D38E0}.Release|ARM64.Build.0 = Release|Any CPU
		{1CC71C1D-6019-41FA-8226-B11D7C8D38E0}.Release|x64.ActiveCfg = Release|Any CPU
		{1CC71C1D-6019-41FA-8226-B11D7C8D38E0}.Release|x64.Build.0 = Release|Any CPU
		{1CC71C1D-6019-41FA-8226-B11D7C8D38E0}.Release|x86.ActiveCfg = Release|Any CPU
		{1CC71C1D-6019-41FA-8226-B11D7C8D38E0}.Release|x86.Build.0 = Release|Any CPU
		{E585FFF2-9A5D-4461-A94B-34FB4F829B15}.Debug|Any CPU.ActiveCfg = Debug|x64
		{E585FFF2-9A5D-4461-A94B-34FB4F829B15}.Debug|Any CPU.Build.0 = Debug|x64
		{E585FFF2-9A5D-4461-A94B-34FB4F829B15}.Debug|Any CPU.Deploy.0 = Debug|x64
		{E585FFF2-9A5D-4461-A94B-34FB4F829B15}.Debug|ARM.ActiveCfg = Debug|ARM
		{E585FFF2-9A5D-4461-A94B-34FB4F829B15}.Debug|ARM.Build.0 = Debug|ARM
		{E585FFF2-9A5D-4461-A94B-34FB4F829B15}.Debug|ARM.Deploy.0 = Debug|ARM
		{E585FFF2-9A5D-4461-A94B-34FB4F829B15}.Debug|ARM64.ActiveCfg = Debug|ARM64
		{E585FFF2-9A5D-4461-A94B-34FB4F829B15}.Debug|ARM64.Build.0 = Debug|ARM64
		{E585FFF2-9A5D-4461-A94B-34FB4F829B15}.Debug|ARM64.Deploy.0 = Debug|ARM64
		{E585FFF2-9A5D-4461-A94B-34FB4F829B15}.Debug|x64.ActiveCfg = Debug|x64
		{E585FFF2-9A5D-4461-A94B-34FB4F829B15}.Debug|x64.Build.0 = Debug|x64
		{E585FFF2-9A5D-4461-A94B-34FB4F829B15}.Debug|x64.Deploy.0 = Debug|x64
		{E585FFF2-9A5D-4461-A94B-34FB4F829B15}.Debug|x86.ActiveCfg = Debug|x86
		{E585FFF2-9A5D-4461-A94B-34FB4F829B15}.Debug|x86.Build.0 = Debug|x86
		{E585FFF2-9A5D-4461-A94B-34FB4F829B15}.Debug|x86.Deploy.0 = Debug|x86
		{E585FFF2-9A5D-4461-A94B-34FB4F829B15}.Release|Any CPU.ActiveCfg = Release|x64
		{E585FFF2-9A5D-4461-A94B-34FB4F829B15}.Release|Any CPU.Build.0 = Release|x64
		{E585FFF2-9A5D-4461-A94B-34FB4F829B15}.Release|Any CPU.Deploy.0 = Release|x64
		{E585FFF2-9A5D-4461-A94B-34FB4F829B15}.Release|ARM.ActiveCfg = Release|ARM
		{E585FFF2-9A5D-4461-A94B-34FB4F829B15}.Release|ARM.Build.0 = Release|ARM
		{E585FFF2-9A5D-4461-A94B-34FB4F829B15}.Release|ARM.Deploy.0 = Release|ARM
		{E585FFF2-9A5D-4461-A94B-34FB4F829B15}.Release|ARM64.ActiveCfg = Release|ARM64
		{E585FFF2-9A5D-4461-A94B-34FB4F829B15}.Release|ARM64.Build.0 = Release|ARM64
		{E585FFF2-9A5D-4461-A94B-34FB4F829B15}.Release|ARM64.Deploy.0 = Release|ARM64
		{E585FFF2-9A5D-4461-A94B-34FB4F829B15}.Release|x64.ActiveCfg = Release|x64
		{E585FFF2-9A5D-4461-A94B-34FB4F829B15}.Release|x64.Build.0 = Release|x64
		{E585FFF2-9A5D-4461-A94B-34FB4F829B15}.Release|x64.Deploy.0 = Release|x64
		{E585FFF2-9A5D-4461-A94B-34FB4F829B15}.Release|x86.ActiveCfg = Release|x86
		{E585FFF2-9A5D-4461-A94B-34FB4F829B15}.Release|x86.Build.0 = Release|x86
		{E585FFF2-9A5D-4461-A94B-34FB4F829B15}.Release|x86.Deploy.0 = Release|x86
		{2F87F3A9-AC2E-4942-A6ED-EAABAB8C17DF}.Debug|Any CPU.ActiveCfg = Debug|Any CPU
		{2F87F3A9-AC2E-4942-A6ED-EAABAB8C17DF}.Debug|Any CPU.Build.0 = Debug|Any CPU
		{2F87F3A9-AC2E-4942-A6ED-EAABAB8C17DF}.Debug|ARM.ActiveCfg = Debug|Any CPU
		{2F87F3A9-AC2E-4942-A6ED-EAABAB8C17DF}.Debug|ARM.Build.0 = Debug|Any CPU
		{2F87F3A9-AC2E-4942-A6ED-EAABAB8C17DF}.Debug|ARM64.ActiveCfg = Debug|Any CPU
		{2F87F3A9-AC2E-4942-A6ED-EAABAB8C17DF}.Debug|ARM64.Build.0 = Debug|Any CPU
		{2F87F3A9-AC2E-4942-A6ED-EAABAB8C17DF}.Debug|x64.ActiveCfg = Debug|Any CPU
		{2F87F3A9-AC2E-4942-A6ED-EAABAB8C17DF}.Debug|x64.Build.0 = Debug|Any CPU
		{2F87F3A9-AC2E-4942-A6ED-EAABAB8C17DF}.Debug|x86.ActiveCfg = Debug|Any CPU
		{2F87F3A9-AC2E-4942-A6ED-EAABAB8C17DF}.Debug|x86.Build.0 = Debug|Any CPU
		{2F87F3A9-AC2E-4942-A6ED-EAABAB8C17DF}.Release|Any CPU.ActiveCfg = Release|Any CPU
		{2F87F3A9-AC2E-4942-A6ED-EAABAB8C17DF}.Release|Any CPU.Build.0 = Release|Any CPU
		{2F87F3A9-AC2E-4942-A6ED-EAABAB8C17DF}.Release|ARM.ActiveCfg = Release|Any CPU
		{2F87F3A9-AC2E-4942-A6ED-EAABAB8C17DF}.Release|ARM.Build.0 = Release|Any CPU
		{2F87F3A9-AC2E-4942-A6ED-EAABAB8C17DF}.Release|ARM64.ActiveCfg = Release|Any CPU
		{2F87F3A9-AC2E-4942-A6ED-EAABAB8C17DF}.Release|ARM64.Build.0 = Release|Any CPU
		{2F87F3A9-AC2E-4942-A6ED-EAABAB8C17DF}.Release|x64.ActiveCfg = Release|Any CPU
		{2F87F3A9-AC2E-4942-A6ED-EAABAB8C17DF}.Release|x64.Build.0 = Release|Any CPU
		{2F87F3A9-AC2E-4942-A6ED-EAABAB8C17DF}.Release|x86.ActiveCfg = Release|Any CPU
		{2F87F3A9-AC2E-4942-A6ED-EAABAB8C17DF}.Release|x86.Build.0 = Release|Any CPU
		{3C878D0B-851C-406E-98CD-BA919DC6D844}.Debug|Any CPU.ActiveCfg = Debug|Any CPU
		{3C878D0B-851C-406E-98CD-BA919DC6D844}.Debug|Any CPU.Build.0 = Debug|Any CPU
		{3C878D0B-851C-406E-98CD-BA919DC6D844}.Debug|ARM.ActiveCfg = Debug|Any CPU
		{3C878D0B-851C-406E-98CD-BA919DC6D844}.Debug|ARM.Build.0 = Debug|Any CPU
		{3C878D0B-851C-406E-98CD-BA919DC6D844}.Debug|ARM64.ActiveCfg = Debug|Any CPU
		{3C878D0B-851C-406E-98CD-BA919DC6D844}.Debug|ARM64.Build.0 = Debug|Any CPU
		{3C878D0B-851C-406E-98CD-BA919DC6D844}.Debug|x64.ActiveCfg = Debug|Any CPU
		{3C878D0B-851C-406E-98CD-BA919DC6D844}.Debug|x64.Build.0 = Debug|Any CPU
		{3C878D0B-851C-406E-98CD-BA919DC6D844}.Debug|x86.ActiveCfg = Debug|Any CPU
		{3C878D0B-851C-406E-98CD-BA919DC6D844}.Debug|x86.Build.0 = Debug|Any CPU
		{3C878D0B-851C-406E-98CD-BA919DC6D844}.Release|Any CPU.ActiveCfg = Release|Any CPU
		{3C878D0B-851C-406E-98CD-BA919DC6D844}.Release|Any CPU.Build.0 = Release|Any CPU
		{3C878D0B-851C-406E-98CD-BA919DC6D844}.Release|ARM.ActiveCfg = Release|Any CPU
		{3C878D0B-851C-406E-98CD-BA919DC6D844}.Release|ARM.Build.0 = Release|Any CPU
		{3C878D0B-851C-406E-98CD-BA919DC6D844}.Release|ARM64.ActiveCfg = Release|Any CPU
		{3C878D0B-851C-406E-98CD-BA919DC6D844}.Release|ARM64.Build.0 = Release|Any CPU
		{3C878D0B-851C-406E-98CD-BA919DC6D844}.Release|x64.ActiveCfg = Release|Any CPU
		{3C878D0B-851C-406E-98CD-BA919DC6D844}.Release|x64.Build.0 = Release|Any CPU
		{3C878D0B-851C-406E-98CD-BA919DC6D844}.Release|x86.ActiveCfg = Release|Any CPU
		{3C878D0B-851C-406E-98CD-BA919DC6D844}.Release|x86.Build.0 = Release|Any CPU
		{35150613-17C2-4DF1-AEEC-1D34A92AF72D}.Debug|Any CPU.ActiveCfg = Debug|Any CPU
		{35150613-17C2-4DF1-AEEC-1D34A92AF72D}.Debug|Any CPU.Build.0 = Debug|Any CPU
		{35150613-17C2-4DF1-AEEC-1D34A92AF72D}.Debug|ARM.ActiveCfg = Debug|Any CPU
		{35150613-17C2-4DF1-AEEC-1D34A92AF72D}.Debug|ARM.Build.0 = Debug|Any CPU
		{35150613-17C2-4DF1-AEEC-1D34A92AF72D}.Debug|ARM64.ActiveCfg = Debug|Any CPU
		{35150613-17C2-4DF1-AEEC-1D34A92AF72D}.Debug|ARM64.Build.0 = Debug|Any CPU
		{35150613-17C2-4DF1-AEEC-1D34A92AF72D}.Debug|x64.ActiveCfg = Debug|Any CPU
		{35150613-17C2-4DF1-AEEC-1D34A92AF72D}.Debug|x64.Build.0 = Debug|Any CPU
		{35150613-17C2-4DF1-AEEC-1D34A92AF72D}.Debug|x86.ActiveCfg = Debug|Any CPU
		{35150613-17C2-4DF1-AEEC-1D34A92AF72D}.Debug|x86.Build.0 = Debug|Any CPU
		{35150613-17C2-4DF1-AEEC-1D34A92AF72D}.Release|Any CPU.ActiveCfg = Release|Any CPU
		{35150613-17C2-4DF1-AEEC-1D34A92AF72D}.Release|Any CPU.Build.0 = Release|Any CPU
		{35150613-17C2-4DF1-AEEC-1D34A92AF72D}.Release|ARM.ActiveCfg = Release|Any CPU
		{35150613-17C2-4DF1-AEEC-1D34A92AF72D}.Release|ARM.Build.0 = Release|Any CPU
		{35150613-17C2-4DF1-AEEC-1D34A92AF72D}.Release|ARM64.ActiveCfg = Release|Any CPU
		{35150613-17C2-4DF1-AEEC-1D34A92AF72D}.Release|ARM64.Build.0 = Release|Any CPU
		{35150613-17C2-4DF1-AEEC-1D34A92AF72D}.Release|x64.ActiveCfg = Release|Any CPU
		{35150613-17C2-4DF1-AEEC-1D34A92AF72D}.Release|x64.Build.0 = Release|Any CPU
		{35150613-17C2-4DF1-AEEC-1D34A92AF72D}.Release|x86.ActiveCfg = Release|Any CPU
		{35150613-17C2-4DF1-AEEC-1D34A92AF72D}.Release|x86.Build.0 = Release|Any CPU
		{229B68B2-8E13-47B8-A6F9-2298F7F22957}.Debug|Any CPU.ActiveCfg = Debug|Any CPU
		{229B68B2-8E13-47B8-A6F9-2298F7F22957}.Debug|Any CPU.Build.0 = Debug|Any CPU
		{229B68B2-8E13-47B8-A6F9-2298F7F22957}.Debug|ARM.ActiveCfg = Debug|Any CPU
		{229B68B2-8E13-47B8-A6F9-2298F7F22957}.Debug|ARM.Build.0 = Debug|Any CPU
		{229B68B2-8E13-47B8-A6F9-2298F7F22957}.Debug|ARM64.ActiveCfg = Debug|Any CPU
		{229B68B2-8E13-47B8-A6F9-2298F7F22957}.Debug|ARM64.Build.0 = Debug|Any CPU
		{229B68B2-8E13-47B8-A6F9-2298F7F22957}.Debug|x64.ActiveCfg = Debug|Any CPU
		{229B68B2-8E13-47B8-A6F9-2298F7F22957}.Debug|x64.Build.0 = Debug|Any CPU
		{229B68B2-8E13-47B8-A6F9-2298F7F22957}.Debug|x86.ActiveCfg = Debug|Any CPU
		{229B68B2-8E13-47B8-A6F9-2298F7F22957}.Debug|x86.Build.0 = Debug|Any CPU
		{229B68B2-8E13-47B8-A6F9-2298F7F22957}.Release|Any CPU.ActiveCfg = Release|Any CPU
		{229B68B2-8E13-47B8-A6F9-2298F7F22957}.Release|Any CPU.Build.0 = Release|Any CPU
		{229B68B2-8E13-47B8-A6F9-2298F7F22957}.Release|ARM.ActiveCfg = Release|Any CPU
		{229B68B2-8E13-47B8-A6F9-2298F7F22957}.Release|ARM.Build.0 = Release|Any CPU
		{229B68B2-8E13-47B8-A6F9-2298F7F22957}.Release|ARM64.ActiveCfg = Release|Any CPU
		{229B68B2-8E13-47B8-A6F9-2298F7F22957}.Release|ARM64.Build.0 = Release|Any CPU
		{229B68B2-8E13-47B8-A6F9-2298F7F22957}.Release|x64.ActiveCfg = Release|Any CPU
		{229B68B2-8E13-47B8-A6F9-2298F7F22957}.Release|x64.Build.0 = Release|Any CPU
		{229B68B2-8E13-47B8-A6F9-2298F7F22957}.Release|x86.ActiveCfg = Release|Any CPU
		{229B68B2-8E13-47B8-A6F9-2298F7F22957}.Release|x86.Build.0 = Release|Any CPU
	EndGlobalSection
	GlobalSection(SolutionProperties) = preSolution
		HideSolutionNode = FALSE
	EndGlobalSection
	GlobalSection(ExtensibilityGlobals) = postSolution
		SolutionGuid = {BD6F7AED-A6F8-45CE-A916-60D7A602D560}
	EndGlobalSection
	GlobalSection(SharedMSBuildProjectFiles) = preSolution
		Drizzle.UI.Shared\Drizzle.UI.Shared.projitems*{da7435ff-7175-4a57-a7e4-02abc79a6189}*SharedItemsImports = 13
		Drizzle.UI.Shared\Drizzle.UI.Shared.projitems*{e585fff2-9a5d-4461-a94b-34fb4f829b15}*SharedItemsImports = 4
	EndGlobalSection
EndGlobal
